// !$*UTF8*$!
{
	archiveVersion = 1;
	classes = {
	};
	objectVersion = 48;
	objects = {

/* Begin PBXBuildFile section */
		3926667A208F116C00FDFC2B /* AppDelegate.swift in Sources */ = {isa = PBXBuildFile; fileRef = 39266679208F116C00FDFC2B /* AppDelegate.swift */; };
		3926667C208F116C00FDFC2B /* ViewController.swift in Sources */ = {isa = PBXBuildFile; fileRef = 3926667B208F116C00FDFC2B /* ViewController.swift */; };
		3926667F208F116C00FDFC2B /* Main.storyboard in Resources */ = {isa = PBXBuildFile; fileRef = 3926667D208F116C00FDFC2B /* Main.storyboard */; };
		39266681208F116C00FDFC2B /* Assets.xcassets in Resources */ = {isa = PBXBuildFile; fileRef = 39266680208F116C00FDFC2B /* Assets.xcassets */; };
		39266684208F116C00FDFC2B /* LaunchScreen.storyboard in Resources */ = {isa = PBXBuildFile; fileRef = 39266682208F116C00FDFC2B /* LaunchScreen.storyboard */; };
		3926668F208F116D00FDFC2B /* Project2Tests.swift in Sources */ = {isa = PBXBuildFile; fileRef = 3926668E208F116D00FDFC2B /* Project2Tests.swift */; };
		3926669A208F116D00FDFC2B /* Project2UITests.swift in Sources */ = {isa = PBXBuildFile; fileRef = 39266699208F116D00FDFC2B /* Project2UITests.swift */; };
/* End PBXBuildFile section */

/* Begin PBXContainerItemProxy section */
		3926668B208F116D00FDFC2B /* PBXContainerItemProxy */ = {
			isa = PBXContainerItemProxy;
			containerPortal = 3926666E208F116C00FDFC2B /* Project object */;
			proxyType = 1;
			remoteGlobalIDString = 39266675208F116C00FDFC2B;
			remoteInfo = Project2;
		};
		39266696208F116D00FDFC2B /* PBXContainerItemProxy */ = {
			isa = PBXContainerItemProxy;
			containerPortal = 3926666E208F116C00FDFC2B /* Project object */;
			proxyType = 1;
			remoteGlobalIDString = 39266675208F116C00FDFC2B;
			remoteInfo = Project2;
		};
/* End PBXContainerItemProxy section */

/* Begin PBXFileReference section */
		39266676208F116C00FDFC2B /* Project2.app */ = {isa = PBXFileReference; explicitFileType = wrapper.application; includeInIndex = 0; path = Project2.app; sourceTree = BUILT_PRODUCTS_DIR; };
		39266679208F116C00FDFC2B /* AppDelegate.swift */ = {isa = PBXFileReference; lastKnownFileType = sourcecode.swift; path = AppDelegate.swift; sourceTree = "<group>"; };
		3926667B208F116C00FDFC2B /* ViewController.swift */ = {isa = PBXFileReference; lastKnownFileType = sourcecode.swift; path = ViewController.swift; sourceTree = "<group>"; };
		3926667E208F116C00FDFC2B /* Base */ = {isa = PBXFileReference; lastKnownFileType = file.storyboard; name = Base; path = Base.lproj/Main.storyboard; sourceTree = "<group>"; };
		39266680208F116C00FDFC2B /* Assets.xcassets */ = {isa = PBXFileReference; lastKnownFileType = folder.assetcatalog; path = Assets.xcassets; sourceTree = "<group>"; };
		39266683208F116C00FDFC2B /* Base */ = {isa = PBXFileReference; lastKnownFileType = file.storyboard; name = Base; path = Base.lproj/LaunchScreen.storyboard; sourceTree = "<group>"; };
		39266685208F116C00FDFC2B /* Info.plist */ = {isa = PBXFileReference; lastKnownFileType = text.plist.xml; path = Info.plist; sourceTree = "<group>"; };
		3926668A208F116D00FDFC2B /* Project2Tests.xctest */ = {isa = PBXFileReference; explicitFileType = wrapper.cfbundle; includeInIndex = 0; path = Project2Tests.xctest; sourceTree = BUILT_PRODUCTS_DIR; };
		3926668E208F116D00FDFC2B /* Project2Tests.swift */ = {isa = PBXFileReference; lastKnownFileType = sourcecode.swift; path = Project2Tests.swift; sourceTree = "<group>"; };
		39266690208F116D00FDFC2B /* Info.plist */ = {isa = PBXFileReference; lastKnownFileType = text.plist.xml; path = Info.plist; sourceTree = "<group>"; };
		39266695208F116D00FDFC2B /* Project2UITests.xctest */ = {isa = PBXFileReference; explicitFileType = wrapper.cfbundle; includeInIndex = 0; path = Project2UITests.xctest; sourceTree = BUILT_PRODUCTS_DIR; };
		39266699208F116D00FDFC2B /* Project2UITests.swift */ = {isa = PBXFileReference; lastKnownFileType = sourcecode.swift; path = Project2UITests.swift; sourceTree = "<group>"; };
		3926669B208F116D00FDFC2B /* Info.plist */ = {isa = PBXFileReference; lastKnownFileType = text.plist.xml; path = Info.plist; sourceTree = "<group>"; };
/* End PBXFileReference section */

/* Begin PBXFrameworksBuildPhase section */
		39266673208F116C00FDFC2B /* Frameworks */ = {
			isa = PBXFrameworksBuildPhase;
			buildActionMask = 2147483647;
			files = (
			);
			runOnlyForDeploymentPostprocessing = 0;
		};
		39266687208F116D00FDFC2B /* Frameworks */ = {
			isa = PBXFrameworksBuildPhase;
			buildActionMask = 2147483647;
			files = (
			);
			runOnlyForDeploymentPostprocessing = 0;
		};
		39266692208F116D00FDFC2B /* Frameworks */ = {
			isa = PBXFrameworksBuildPhase;
			buildActionMask = 2147483647;
			files = (
			);
			runOnlyForDeploymentPostprocessing = 0;
		};
/* End PBXFrameworksBuildPhase section */

/* Begin PBXGroup section */
		3926666D208F116C00FDFC2B = {
			isa = PBXGroup;
			children = (
				39266678208F116C00FDFC2B /* Project2 */,
				3926668D208F116D00FDFC2B /* Project2Tests */,
				39266698208F116D00FDFC2B /* Project2UITests */,
				39266677208F116C00FDFC2B /* Products */,
			);
			sourceTree = "<group>";
		};
		39266677208F116C00FDFC2B /* Products */ = {
			isa = PBXGroup;
			children = (
				39266676208F116C00FDFC2B /* Project2.app */,
				3926668A208F116D00FDFC2B /* Project2Tests.xctest */,
				39266695208F116D00FDFC2B /* Project2UITests.xctest */,
			);
			name = Products;
			sourceTree = "<group>";
		};
		39266678208F116C00FDFC2B /* Project2 */ = {
			isa = PBXGroup;
			children = (
				39266679208F116C00FDFC2B /* AppDelegate.swift */,
				3926667B208F116C00FDFC2B /* ViewController.swift */,
				3926667D208F116C00FDFC2B /* Main.storyboard */,
				39266680208F116C00FDFC2B /* Assets.xcassets */,
				39266682208F116C00FDFC2B /* LaunchScreen.storyboard */,
				39266685208F116C00FDFC2B /* Info.plist */,
			);
			path = Project2;
			sourceTree = "<group>";
		};
		3926668D208F116D00FDFC2B /* Project2Tests */ = {
			isa = PBXGroup;
			children = (
				3926668E208F116D00FDFC2B /* Project2Tests.swift */,
				39266690208F116D00FDFC2B /* Info.plist */,
			);
			path = Project2Tests;
			sourceTree = "<group>";
		};
		39266698208F116D00FDFC2B /* Project2UITests */ = {
			isa = PBXGroup;
			children = (
				39266699208F116D00FDFC2B /* Project2UITests.swift */,
				3926669B208F116D00FDFC2B /* Info.plist */,
			);
			path = Project2UITests;
			sourceTree = "<group>";
		};
/* End PBXGroup section */

/* Begin PBXNativeTarget section */
		39266675208F116C00FDFC2B /* Project2 */ = {
			isa = PBXNativeTarget;
			buildConfigurationList = 3926669E208F116D00FDFC2B /* Build configuration list for PBXNativeTarget "Project2" */;
			buildPhases = (
				39266672208F116C00FDFC2B /* Sources */,
				39266673208F116C00FDFC2B /* Frameworks */,
				39266674208F116C00FDFC2B /* Resources */,
			);
			buildRules = (
			);
			dependencies = (
			);
			name = Project2;
			productName = Project2;
			productReference = 39266676208F116C00FDFC2B /* Project2.app */;
			productType = "com.apple.product-type.application";
		};
		39266689208F116D00FDFC2B /* Project2Tests */ = {
			isa = PBXNativeTarget;
			buildConfigurationList = 392666A1208F116D00FDFC2B /* Build configuration list for PBXNativeTarget "Project2Tests" */;
			buildPhases = (
				39266686208F116D00FDFC2B /* Sources */,
				39266687208F116D00FDFC2B /* Frameworks */,
				39266688208F116D00FDFC2B /* Resources */,
			);
			buildRules = (
			);
			dependencies = (
				3926668C208F116D00FDFC2B /* PBXTargetDependency */,
			);
			name = Project2Tests;
			productName = Project2Tests;
			productReference = 3926668A208F116D00FDFC2B /* Project2Tests.xctest */;
			productType = "com.apple.product-type.bundle.unit-test";
		};
		39266694208F116D00FDFC2B /* Project2UITests */ = {
			isa = PBXNativeTarget;
			buildConfigurationList = 392666A4208F116D00FDFC2B /* Build configuration list for PBXNativeTarget "Project2UITests" */;
			buildPhases = (
				39266691208F116D00FDFC2B /* Sources */,
				39266692208F116D00FDFC2B /* Frameworks */,
				39266693208F116D00FDFC2B /* Resources */,
			);
			buildRules = (
			);
			dependencies = (
				39266697208F116D00FDFC2B /* PBXTargetDependency */,
			);
			name = Project2UITests;
			productName = Project2UITests;
			productReference = 39266695208F116D00FDFC2B /* Project2UITests.xctest */;
			productType = "com.apple.product-type.bundle.ui-testing";
		};
/* End PBXNativeTarget section */

/* Begin PBXProject section */
		3926666E208F116C00FDFC2B /* Project object */ = {
			isa = PBXProject;
			attributes = {
				LastSwiftUpdateCheck = 0920;
				LastUpgradeCheck = 0920;
				ORGANIZATIONNAME = "HYUNGJIN KIM";
				TargetAttributes = {
					39266675208F116C00FDFC2B = {
						CreatedOnToolsVersion = 9.2;
						ProvisioningStyle = Automatic;
					};
					39266689208F116D00FDFC2B = {
						CreatedOnToolsVersion = 9.2;
						ProvisioningStyle = Automatic;
						TestTargetID = 39266675208F116C00FDFC2B;
					};
					39266694208F116D00FDFC2B = {
						CreatedOnToolsVersion = 9.2;
						ProvisioningStyle = Automatic;
						TestTargetID = 39266675208F116C00FDFC2B;
					};
				};
			};
			buildConfigurationList = 39266671208F116C00FDFC2B /* Build configuration list for PBXProject "Project2" */;
			compatibilityVersion = "Xcode 8.0";
			developmentRegion = en;
			hasScannedForEncodings = 0;
			knownRegions = (
				en,
				Base,
			);
			mainGroup = 3926666D208F116C00FDFC2B;
			productRefGroup = 39266677208F116C00FDFC2B /* Products */;
			projectDirPath = "";
			projectRoot = "";
			targets = (
				39266675208F116C00FDFC2B /* Project2 */,
				39266689208F116D00FDFC2B /* Project2Tests */,
				39266694208F116D00FDFC2B /* Project2UITests */,
			);
		};
/* End PBXProject section */

/* Begin PBXResourcesBuildPhase section */
		39266674208F116C00FDFC2B /* Resources */ = {
			isa = PBXResourcesBuildPhase;
			buildActionMask = 2147483647;
			files = (
				39266684208F116C00FDFC2B /* LaunchScreen.storyboard in Resources */,
				39266681208F116C00FDFC2B /* Assets.xcassets in Resources */,
				3926667F208F116C00FDFC2B /* Main.storyboard in Resources */,
			);
			runOnlyForDeploymentPostprocessing = 0;
		};
		39266688208F116D00FDFC2B /* Resources */ = {
			isa = PBXResourcesBuildPhase;
			buildActionMask = 2147483647;
			files = (
			);
			runOnlyForDeploymentPostprocessing = 0;
		};
		39266693208F116D00FDFC2B /* Resources */ = {
			isa = PBXResourcesBuildPhase;
			buildActionMask = 2147483647;
			files = (
			);
			runOnlyForDeploymentPostprocessing = 0;
		};
/* End PBXResourcesBuildPhase section */

/* Begin PBXSourcesBuildPhase section */
		39266672208F116C00FDFC2B /* Sources */ = {
			isa = PBXSourcesBuildPhase;
			buildActionMask = 2147483647;
			files = (
				3926667C208F116C00FDFC2B /* ViewController.swift in Sources */,
				3926667A208F116C00FDFC2B /* AppDelegate.swift in Sources */,
			);
			runOnlyForDeploymentPostprocessing = 0;
		};
		39266686208F116D00FDFC2B /* Sources */ = {
			isa = PBXSourcesBuildPhase;
			buildActionMask = 2147483647;
			files = (
				3926668F208F116D00FDFC2B /* Project2Tests.swift in Sources */,
			);
			runOnlyForDeploymentPostprocessing = 0;
		};
		39266691208F116D00FDFC2B /* Sources */ = {
			isa = PBXSourcesBuildPhase;
			buildActionMask = 2147483647;
			files = (
				3926669A208F116D00FDFC2B /* Project2UITests.swift in Sources */,
			);
			runOnlyForDeploymentPostprocessing = 0;
		};
/* End PBXSourcesBuildPhase section */

/* Begin PBXTargetDependency section */
		3926668C208F116D00FDFC2B /* PBXTargetDependency */ = {
			isa = PBXTargetDependency;
			target = 39266675208F116C00FDFC2B /* Project2 */;
			targetProxy = 3926668B208F116D00FDFC2B /* PBXContainerItemProxy */;
		};
		39266697208F116D00FDFC2B /* PBXTargetDependency */ = {
			isa = PBXTargetDependency;
			target = 39266675208F116C00FDFC2B /* Project2 */;
			targetProxy = 39266696208F116D00FDFC2B /* PBXContainerItemProxy */;
		};
/* End PBXTargetDependency section */

/* Begin PBXVariantGroup section */
		3926667D208F116C00FDFC2B /* Main.storyboard */ = {
			isa = PBXVariantGroup;
			children = (
				3926667E208F116C00FDFC2B /* Base */,
			);
			name = Main.storyboard;
			sourceTree = "<group>";
		};
		39266682208F116C00FDFC2B /* LaunchScreen.storyboard */ = {
			isa = PBXVariantGroup;
			children = (
				39266683208F116C00FDFC2B /* Base */,
			);
			name = LaunchScreen.storyboard;
			sourceTree = "<group>";
		};
/* End PBXVariantGroup section */

/* Begin XCBuildConfiguration section */
		3926669C208F116D00FDFC2B /* Debug */ = {
			isa = XCBuildConfiguration;
			buildSettings = {
				ALWAYS_SEARCH_USER_PATHS = NO;
				CLANG_ANALYZER_NONNULL = YES;
				CLANG_ANALYZER_NUMBER_OBJECT_CONVERSION = YES_AGGRESSIVE;
				CLANG_CXX_LANGUAGE_STANDARD = "gnu++14";
				CLANG_CXX_LIBRARY = "libc++";
				CLANG_ENABLE_MODULES = YES;
				CLANG_ENABLE_OBJC_ARC = YES;
				CLANG_WARN_BLOCK_CAPTURE_AUTORELEASING = YES;
				CLANG_WARN_BOOL_CONVERSION = YES;
				CLANG_WARN_COMMA = YES;
				CLANG_WARN_CONSTANT_CONVERSION = YES;
				CLANG_WARN_DIRECT_OBJC_ISA_USAGE = YES_ERROR;
				CLANG_WARN_DOCUMENTATION_COMMENTS = YES;
				CLANG_WARN_EMPTY_BODY = YES;
				CLANG_WARN_ENUM_CONVERSION = YES;
				CLANG_WARN_INFINITE_RECURSION = YES;
				CLANG_WARN_INT_CONVERSION = YES;
				CLANG_WARN_NON_LITERAL_NULL_CONVERSION = YES;
				CLANG_WARN_OBJC_LITERAL_CONVERSION = YES;
				CLANG_WARN_OBJC_ROOT_CLASS = YES_ERROR;
				CLANG_WARN_RANGE_LOOP_ANALYSIS = YES;
				CLANG_WARN_STRICT_PROTOTYPES = YES;
				CLANG_WARN_SUSPICIOUS_MOVE = YES;
				CLANG_WARN_UNGUARDED_AVAILABILITY = YES_AGGRESSIVE;
				CLANG_WARN_UNREACHABLE_CODE = YES;
				CLANG_WARN__DUPLICATE_METHOD_MATCH = YES;
				CODE_SIGN_IDENTITY = "iPhone Developer";
				COPY_PHASE_STRIP = NO;
				DEBUG_INFORMATION_FORMAT = dwarf;
				ENABLE_STRICT_OBJC_MSGSEND = YES;
				ENABLE_TESTABILITY = YES;
				GCC_C_LANGUAGE_STANDARD = gnu11;
				GCC_DYNAMIC_NO_PIC = NO;
				GCC_NO_COMMON_BLOCKS = YES;
				GCC_OPTIMIZATION_LEVEL = 0;
				GCC_PREPROCESSOR_DEFINITIONS = (
					"DEBUG=1",
					"$(inherited)",
				);
				GCC_WARN_64_TO_32_BIT_CONVERSION = YES;
				GCC_WARN_ABOUT_RETURN_TYPE = YES_ERROR;
				GCC_WARN_UNDECLARED_SELECTOR = YES;
				GCC_WARN_UNINITIALIZED_AUTOS = YES_AGGRESSIVE;
				GCC_WARN_UNUSED_FUNCTION = YES;
				GCC_WARN_UNUSED_VARIABLE = YES;
				IPHONEOS_DEPLOYMENT_TARGET = 11.2;
				MTL_ENABLE_DEBUG_INFO = YES;
				ONLY_ACTIVE_ARCH = YES;
				SDKROOT = iphoneos;
				SWIFT_ACTIVE_COMPILATION_CONDITIONS = DEBUG;
				SWIFT_OPTIMIZATION_LEVEL = "-Onone";
			};
			name = Debug;
		};
		3926669D208F116D00FDFC2B /* Release */ = {
			isa = XCBuildConfiguration;
			buildSettings = {
				ALWAYS_SEARCH_USER_PATHS = NO;
				CLANG_ANALYZER_NONNULL = YES;
				CLANG_ANALYZER_NUMBER_OBJECT_CONVERSION = YES_AGGRESSIVE;
				CLANG_CXX_LANGUAGE_STANDARD = "gnu++14";
				CLANG_CXX_LIBRARY = "libc++";
				CLANG_ENABLE_MODULES = YES;
				CLANG_ENABLE_OBJC_ARC = YES;
				CLANG_WARN_BLOCK_CAPTURE_AUTORELEASING = YES;
				CLANG_WARN_BOOL_CONVERSION = YES;
				CLANG_WARN_COMMA = YES;
				CLANG_WARN_CONSTANT_CONVERSION = YES;
				CLANG_WARN_DIRECT_OBJC_ISA_USAGE = YES_ERROR;
				CLANG_WARN_DOCUMENTATION_COMMENTS = YES;
				CLANG_WARN_EMPTY_BODY = YES;
				CLANG_WARN_ENUM_CONVERSION = YES;
				CLANG_WARN_INFINITE_RECURSION = YES;
				CLANG_WARN_INT_CONVERSION = YES;
				CLANG_WARN_NON_LITERAL_NULL_CONVERSION = YES;
				CLANG_WARN_OBJC_LITERAL_CONVERSION = YES;
				CLANG_WARN_OBJC_ROOT_CLASS = YES_ERROR;
				CLANG_WARN_RANGE_LOOP_ANALYSIS = YES;
				CLANG_WARN_STRICT_PROTOTYPES = YES;
				CLANG_WARN_SUSPICIOUS_MOVE = YES;
				CLANG_WARN_UNGUARDED_AVAILABILITY = YES_AGGRESSIVE;
				CLANG_WARN_UNREACHABLE_CODE = YES;
				CLANG_WARN__DUPLICATE_METHOD_MATCH = YES;
				CODE_SIGN_IDENTITY = "iPhone Developer";
				COPY_PHASE_STRIP = NO;
				DEBUG_INFORMATION_FORMAT = "dwarf-with-dsym";
				ENABLE_NS_ASSERTIONS = NO;
				ENABLE_STRICT_OBJC_MSGSEND = YES;
				GCC_C_LANGUAGE_STANDARD = gnu11;
				GCC_NO_COMMON_BLOCKS = YES;
				GCC_WARN_64_TO_32_BIT_CONVERSION = YES;
				GCC_WARN_ABOUT_RETURN_TYPE = YES_ERROR;
				GCC_WARN_UNDECLARED_SELECTOR = YES;
				GCC_WARN_UNINITIALIZED_AUTOS = YES_AGGRESSIVE;
				GCC_WARN_UNUSED_FUNCTION = YES;
				GCC_WARN_UNUSED_VARIABLE = YES;
				IPHONEOS_DEPLOYMENT_TARGET = 11.2;
				MTL_ENABLE_DEBUG_INFO = NO;
				SDKROOT = iphoneos;
				SWIFT_OPTIMIZATION_LEVEL = "-Owholemodule";
				VALIDATE_PRODUCT = YES;
			};
			name = Release;
		};
		3926669F208F116D00FDFC2B /* Debug */ = {
			isa = XCBuildConfiguration;
			buildSettings = {
				ASSETCATALOG_COMPILER_APPICON_NAME = AppIcon;
				CODE_SIGN_STYLE = Automatic;
				INFOPLIST_FILE = Project2/Info.plist;
				LD_RUNPATH_SEARCH_PATHS = "$(inherited) @executable_path/Frameworks";
				PRODUCT_BUNDLE_IDENTIFIER = deakinUni.Project2;
				PRODUCT_NAME = "$(TARGET_NAME)";
				SWIFT_VERSION = 4.0;
				TARGETED_DEVICE_FAMILY = "1,2";
			};
			name = Debug;
		};
		392666A0208F116D00FDFC2B /* Release */ = {
			isa = XCBuildConfiguration;
			buildSettings = {
				ASSETCATALOG_COMPILER_APPICON_NAME = AppIcon;
				CODE_SIGN_STYLE = Automatic;
				INFOPLIST_FILE = Project2/Info.plist;
				LD_RUNPATH_SEARCH_PATHS = "$(inherited) @executable_path/Frameworks";
				PRODUCT_BUNDLE_IDENTIFIER = deakinUni.Project2;
				PRODUCT_NAME = "$(TARGET_NAME)";
				SWIFT_VERSION = 4.0;
				TARGETED_DEVICE_FAMILY = "1,2";
			};
			name = Release;
		};
		392666A2208F116D00FDFC2B /* Debug */ = {
			isa = XCBuildConfiguration;
			buildSettings = {
				ALWAYS_EMBED_SWIFT_STANDARD_LIBRARIES = YES;
				BUNDLE_LOADER = "$(TEST_HOST)";
				CODE_SIGN_STYLE = Automatic;
				INFOPLIST_FILE = Project2Tests/Info.plist;
				LD_RUNPATH_SEARCH_PATHS = "$(inherited) @executable_path/Frameworks @loader_path/Frameworks";
				PRODUCT_BUNDLE_IDENTIFIER = deakinUni.Project2Tests;
				PRODUCT_NAME = "$(TARGET_NAME)";
				SWIFT_VERSION = 4.0;
				TARGETED_DEVICE_FAMILY = "1,2";
				TEST_HOST = "$(BUILT_PRODUCTS_DIR)/Project2.app/Project2";
			};
			name = Debug;
		};
		392666A3208F116D00FDFC2B /* Release */ = {
			isa = XCBuildConfiguration;
			buildSettings = {
				ALWAYS_EMBED_SWIFT_STANDARD_LIBRARIES = YES;
				BUNDLE_LOADER = "$(TEST_HOST)";
				CODE_SIGN_STYLE = Automatic;
				INFOPLIST_FILE = Project2Tests/Info.plist;
				LD_RUNPATH_SEARCH_PATHS = "$(inherited) @executable_path/Frameworks @loader_path/Frameworks";
				PRODUCT_BUNDLE_IDENTIFIER = deakinUni.Project2Tests;
				PRODUCT_NAME = "$(TARGET_NAME)";
				SWIFT_VERSION = 4.0;
				TARGETED_DEVICE_FAMILY = "1,2";
				TEST_HOST = "$(BUILT_PRODUCTS_DIR)/Project2.app/Project2";
			};
			name = Release;
		};
		392666A5208F116D00FDFC2B /* Debug */ = {
			isa = XCBuildConfiguration;
			buildSettings = {
				ALWAYS_EMBED_SWIFT_STANDARD_LIBRARIES = YES;
				CODE_SIGN_STYLE = Automatic;
				INFOPLIST_FILE = Project2UITests/Info.plist;
				LD_RUNPATH_SEARCH_PATHS = "$(inherited) @executable_path/Frameworks @loader_path/Frameworks";
				PRODUCT_BUNDLE_IDENTIFIER = deakinUni.Project2UITests;
				PRODUCT_NAME = "$(TARGET_NAME)";
				SWIFT_VERSION = 4.0;
				TARGETED_DEVICE_FAMILY = "1,2";
				TEST_TARGET_NAME = Project2;
			};
			name = Debug;
		};
		392666A6208F116D00FDFC2B /* Release */ = {
			isa = XCBuildConfiguration;
			buildSettings = {
				ALWAYS_EMBED_SWIFT_STANDARD_LIBRARIES = YES;
				CODE_SIGN_STYLE = Automatic;
				INFOPLIST_FILE = Project2UITests/Info.plist;
				LD_RUNPATH_SEARCH_PATHS = "$(inherited) @executable_path/Frameworks @loader_path/Frameworks";
				PRODUCT_BUNDLE_IDENTIFIER = deakinUni.Project2UITests;
				PRODUCT_NAME = "$(TARGET_NAME)";
				SWIFT_VERSION = 4.0;
				TARGETED_DEVICE_FAMILY = "1,2";
				TEST_TARGET_NAME = Project2;
			};
			name = Release;
		};
/* End XCBuildConfiguration section */

/* Begin XCConfigurationList section */
		39266671208F116C00FDFC2B /* Build configuration list for PBXProject "Project2" */ = {
			isa = XCConfigurationList;
			buildConfigurations = (
				3926669C208F116D00FDFC2B /* Debug */,
				3926669D208F116D00FDFC2B /* Release */,
			);
			defaultConfigurationIsVisible = 0;
			defaultConfigurationName = Release;
		};
		3926669E208F116D00FDFC2B /* Build configuration list for PBXNativeTarget "Project2" */ = {
			isa = XCConfigurationList;
			buildConfigurations = (
				3926669F208F116D00FDFC2B /* Debug */,
				392666A0208F116D00FDFC2B /* Release */,
			);
			defaultConfigurationIsVisible = 0;
			defaultConfigurationName = Release;
		};
		392666A1208F116D00FDFC2B /* Build configuration list for PBXNativeTarget "Project2Tests" */ = {
			isa = XCConfigurationList;
			buildConfigurations = (
				392666A2208F116D00FDFC2B /* Debug */,
				392666A3208F116D00FDFC2B /* Release */,
			);
			defaultConfigurationIsVisible = 0;
			defaultConfigurationName = Release;
		};
		392666A4208F116D00FDFC2B /* Build configuration list for PBXNativeTarget "Project2UITests" */ = {
			isa = XCConfigurationList;
			buildConfigurations = (
				392666A5208F116D00FDFC2B /* Debug */,
				392666A6208F116D00FDFC2B /* Release */,
			);
			defaultConfigurationIsVisible = 0;
			defaultConfigurationName = Release;
		};
/* End XCConfigurationList section */
	};
	rootObject = 3926666E208F116C00FDFC2B /* Project object */;
}
